
Microsoft Visual Studio Solution File, Format Version 12.00
# Visual Studio Version 16
VisualStudioVersion = 16.0.30907.101
MinimumVisualStudioVersion = 10.0.40219.1
Project("{FAE04EC0-301F-11D3-BF4B-00C04F79EFBC}") = "WpfApplicationCOCOMO", "WpfApplicationCOCOMO\WpfApplicationCOCOMO.csproj", "{56A19499-9F2A-4F46-882B-E8F054CCF24E}"
EndProject
Global
	GlobalSection(SolutionConfigurationPlatforms) = preSolution
		Debug|Any CPU = Debug|Any CPU
		Release|Any CPU = Release|Any CPU
	EndGlobalSection
	GlobalSection(ProjectConfigurationPlatforms) = postSolution
		{56A19499-9F2A-4F46-882B-E8F054CCF24E}.Debug|Any CPU.ActiveCfg = Debug|Any CPU
		{56A19499-9F2A-4F46-882B-E8F054CCF24E}.Debug|Any CPU.Build.0 = Debug|Any CPU
		{56A19499-9F2A-4F46-882B-E8F054CCF24E}.Release|Any CPU.ActiveCfg = Release|Any CPU
		{56A19499-9F2A-4F46-882B-E8F054CCF24E}.Release|Any CPU.Build.0 = Release|Any CPU
	EndGlobalSection
	GlobalSection(SolutionProperties) = preSolution
		HideSolutionNode = FALSE
	EndGlobalSection
	GlobalSection(ExtensibilityGlobals) = postSolution
		SolutionGuid = {20222727-3CC3-42EE-90D4-CD2A9C2403AB}
	EndGlobalSection
EndGlobal
